# THIS IS AN AUTOGENERATED FILE. DO NOT EDIT THIS FILE DIRECTLY.
# yarn lockfile v1


"@electron/remote@^2.0.1":
  version "2.0.1"
  resolved "https://registry.nlark.com/@electron/remote/download/@electron/remote-2.0.1.tgz#810cbc595a21f0f94641eb2d7e8264063a3f84de"
  integrity sha1-gQy8WVoh8PlGQestfoJkBjo/hN4=

"@types/semver@^7.3.6":
  version "7.3.8"
  resolved "https://registry.nlark.com/@types/semver/download/@types/semver-7.3.8.tgz?cache=0&sync_timestamp=1629709176578&other_urls=https%3A%2F%2Fregistry.nlark.com%2F%40types%2Fsemver%2Fdownload%2F%40types%2Fsemver-7.3.8.tgz#508a27995498d7586dcecd77c25e289bfaf90c59"
  integrity sha1-UIonmVSY11htzs13wl4om/r5DFk=

ajv-formats@^2.1.1:
  version "2.1.1"
  resolved "https://registry.nlark.com/ajv-formats/download/ajv-formats-2.1.1.tgz#6e669400659eb74973bbf2e33327180a0996b520"
  integrity sha1-bmaUAGWet0lzu/LjMycYCgmWtSA=
  dependencies:
    ajv "^8.0.0"

ajv@^8.0.0, ajv@^8.6.3:
  version "8.6.3"
  resolved "https://registry.nlark.com/ajv/download/ajv-8.6.3.tgz?cache=0&sync_timestamp=1631470912358&other_urls=https%3A%2F%2Fregistry.nlark.com%2Fajv%2Fdownload%2Fajv-8.6.3.tgz#11a66527761dc3e9a3845ea775d2d3c0414e8764"
  integrity sha1-EaZlJ3Ydw+mjhF6nddLTwEFOh2Q=
  dependencies:
    fast-deep-equal "^3.1.1"
    json-schema-traverse "^1.0.0"
    require-from-string "^2.0.2"
    uri-js "^4.2.2"

argparse@^2.0.1:
  version "2.0.1"
  resolved "https://registry.nlark.com/argparse/download/argparse-2.0.1.tgz#246f50f3ca78a3240f6c997e8a9bd1eac49e4b38"
  integrity sha1-JG9Q88p4oyQPbJl+ipvR6sSeSzg=

atomically@^1.7.0:
  version "1.7.0"
  resolved "https://registry.npm.taobao.org/atomically/download/atomically-1.7.0.tgz?cache=0&sync_timestamp=1605101327415&other_urls=https%3A%2F%2Fregistry.npm.taobao.org%2Fatomically%2Fdownload%2Fatomically-1.7.0.tgz#c07a0458432ea6dbc9a3506fffa424b48bccaafe"
  integrity sha1-wHoEWEMuptvJo1Bv/6QktIvMqv4=

builder-util-runtime@8.9.2:
  version "8.9.2"
  resolved "https://registry.npmmirror.com/builder-util-runtime/-/builder-util-runtime-8.9.2.tgz#a9669ae5b5dcabfe411ded26678e7ae997246c28"
  integrity sha512-rhuKm5vh7E0aAmT6i8aoSfEjxzdYEFX7zDApK+eNgOhjofnWb74d9SRJv0H/8nsgOkos0TZ4zxW0P8J4N7xQ2A==
  dependencies:
    debug "^4.3.2"
    sax "^1.2.4"

conf@^10.0.3:
  version "10.0.3"
  resolved "https://registry.npmmirror.com/conf/download/conf-10.0.3.tgz?cache=0&sync_timestamp=1632414308351&other_urls=https%3A%2F%2Fregistry.npmmirror.com%2Fconf%2Fdownload%2Fconf-10.0.3.tgz#af266186cc754daefd2749398861ec538c50da17"
  integrity sha1-ryZhhsx1Ta79J0k5iGHsU4xQ2hc=
  dependencies:
    ajv "^8.6.3"
    ajv-formats "^2.1.1"
    atomically "^1.7.0"
    debounce-fn "^4.0.0"
    dot-prop "^6.0.1"
    env-paths "^2.2.1"
    json-schema-typed "^7.0.3"
    onetime "^5.1.2"
    pkg-up "^3.1.0"
    semver "^7.3.5"

date-fns@^2.28.0:
  version "2.28.0"
  resolved "https://registry.npmmirror.com/date-fns/-/date-fns-2.28.0.tgz#9570d656f5fc13143e50c975a3b6bbeb46cd08b2"
  integrity sha512-8d35hViGYx/QH0icHYCeLmsLmMUheMmTyV9Fcm6gvNwdw31yXXH+O85sOBJ+OLnLQMKZowvpKb6FgMIQjcpvQw==

debounce-fn@^4.0.0:
  version "4.0.0"
  resolved "https://registry.npm.taobao.org/debounce-fn/download/debounce-fn-4.0.0.tgz?cache=0&sync_timestamp=1614505653835&other_urls=https%3A%2F%2Fregistry.npm.taobao.org%2Fdebounce-fn%2Fdownload%2Fdebounce-fn-4.0.0.tgz#ed76d206d8a50e60de0dd66d494d82835ffe61c7"
  integrity sha1-7XbSBtilDmDeDdZtSU2Cg1/+Ycc=
  dependencies:
    mimic-fn "^3.0.0"

debug@^4.3.2:
  version "4.3.2"
  resolved "https://registry.nlark.com/debug/download/debug-4.3.2.tgz#f0a49c18ac8779e31d4a0c6029dfb76873c7428b"
  integrity sha1-8KScGKyHeeMdSgxgKd+3aHPHQos=
  dependencies:
    ms "2.1.2"

dot-prop@^6.0.1:
  version "6.0.1"
  resolved "https://registry.npm.taobao.org/dot-prop/download/dot-prop-6.0.1.tgz?cache=0&sync_timestamp=1605778245785&other_urls=https%3A%2F%2Fregistry.npm.taobao.org%2Fdot-prop%2Fdownload%2Fdot-prop-6.0.1.tgz#fc26b3cf142b9e59b74dbd39ed66ce620c681083"
  integrity sha1-/CazzxQrnlm3Tb057WbOYgxoEIM=
  dependencies:
    is-obj "^2.0.0"

electron-dl@^3.3.0:
  version "3.3.0"
  resolved "https://registry.npmmirror.com/electron-dl/-/electron-dl-3.3.0.tgz#4e422e276c627373ba61fcf3f92ffa088988db1a"
  integrity sha512-Zwaz/OMGPIfBLV2SQH4sTsdDOs/U4y5AOHfremMBXEpjIxX+SiTx845DZAvJJwgb5hfowyWOBLiJhd/emBNLLQ==
  dependencies:
    ext-name "^5.0.0"
    pupa "^2.0.1"
    unused-filename "^2.1.0"

electron-log@^4.4.1:
  version "4.4.1"
  resolved "https://registry.nlark.com/electron-log/download/electron-log-4.4.1.tgz#28ebeb474eccba2ebf194a96c40d6328e5353e4d"
  integrity sha1-KOvrR07Mui6/GUqWxA1jKOU1Pk0=

electron-store@^8.0.1:
  version "8.0.1"
  resolved "https://registry.npmmirror.com/electron-store/download/electron-store-8.0.1.tgz#9b598c1d2edeffebee9d8c1cd957ad368c528925"
  integrity sha1-m1mMHS7e/+vunYwc2VetNoxSiSU=
  dependencies:
    conf "^10.0.3"
    type-fest "^1.0.2"

electron-updater@^4.6.1:
  version "4.6.5"
  resolved "https://registry.npmmirror.com/electron-updater/-/electron-updater-4.6.5.tgz#e9a75458bbfd6bb41a58a829839e150ad2eb2d3d"
  integrity sha512-kdTly8O9mSZfm9fslc1mnCY+mYOeaYRy7ERa2Fed240u01BKll3aiupzkd07qKw69KvhBSzuHroIW3mF0D8DWA==
  dependencies:
    "@types/semver" "^7.3.6"
    builder-util-runtime "8.9.2"
    fs-extra "^10.0.0"
    js-yaml "^4.1.0"
    lazy-val "^1.0.5"
    lodash.escaperegexp "^4.1.2"
    lodash.isequal "^4.5.0"
    semver "^7.3.5"

env-paths@^2.2.1:
  version "2.2.1"
  resolved "https://registry.nlark.com/env-paths/download/env-paths-2.2.1.tgz#420399d416ce1fbe9bc0a07c62fa68d67fd0f8f2"
  integrity sha1-QgOZ1BbOH76bwKB8Yvpo1n/Q+PI=

escape-goat@^2.0.0:
  version "2.1.1"
  resolved "https://registry.npmmirror.com/escape-goat/-/escape-goat-2.1.1.tgz#1b2dc77003676c457ec760b2dc68edb648188675"
  integrity sha512-8/uIhbG12Csjy2JEW7D9pHbreaVaS/OpN3ycnyvElTdwM5n6GY6W6e2IPemfvGZeUMqZ9A/3GqIZMgKnBhAw/Q==

ext-list@^2.0.0:
  version "2.2.2"
  resolved "https://registry.npmmirror.com/ext-list/-/ext-list-2.2.2.tgz#0b98e64ed82f5acf0f2931babf69212ef52ddd37"
  integrity sha512-u+SQgsubraE6zItfVA0tBuCBhfU9ogSRnsvygI7wht9TS510oLkBRXBsqopeUG/GBOIQyKZO9wjTqIu/sf5zFA==
  dependencies:
    mime-db "^1.28.0"

ext-name@^5.0.0:
  version "5.0.0"
  resolved "https://registry.npmmirror.com/ext-name/-/ext-name-5.0.0.tgz#70781981d183ee15d13993c8822045c506c8f0a6"
  integrity sha512-yblEwXAbGv1VQDmow7s38W77hzAgJAO50ztBLMcUyUBfxv1HC+LGwtiEN+Co6LtlqT/5uwVOxsD4TNIilWhwdQ==
  dependencies:
    ext-list "^2.0.0"
    sort-keys-length "^1.0.0"

fast-deep-equal@^3.1.1:
  version "3.1.3"
  resolved "https://registry.nlark.com/fast-deep-equal/download/fast-deep-equal-3.1.3.tgz#3a7d56b559d6cbc3eb512325244e619a65c6c525"
  integrity sha1-On1WtVnWy8PrUSMlJE5hmmXGxSU=

find-up@^3.0.0:
  version "3.0.0"
  resolved "https://registry.npmmirror.com/find-up/download/find-up-3.0.0.tgz?cache=0&sync_timestamp=1632654133435&other_urls=https%3A%2F%2Fregistry.npmmirror.com%2Ffind-up%2Fdownload%2Ffind-up-3.0.0.tgz#49169f1d7993430646da61ecc5ae355c21c97b73"
  integrity sha1-SRafHXmTQwZG2mHsxa41XCHJe3M=
  dependencies:
    locate-path "^3.0.0"

fs-extra@^10.0.0:
  version "10.0.0"
  resolved "https://registry.nlark.com/fs-extra/download/fs-extra-10.0.0.tgz#9ff61b655dde53fb34a82df84bb214ce802e17c1"
  integrity sha1-n/YbZV3eU/s0qC34S7IUzoAuF8E=
  dependencies:
    graceful-fs "^4.2.0"
    jsonfile "^6.0.1"
    universalify "^2.0.0"

get-port@^5.1.1:
  version "5.1.1"
  resolved "https://registry.npm.taobao.org/get-port/download/get-port-5.1.1.tgz#0469ed07563479de6efb986baf053dcd7d4e3193"
  integrity sha1-BGntB1Y0ed5u+5hrrwU9zX1OMZM=

graceful-fs@^4.1.6, graceful-fs@^4.2.0:
  version "4.2.4"
  resolved "https://registry.npm.taobao.org/graceful-fs/download/graceful-fs-4.2.4.tgz#2256bde14d3632958c465ebc96dc467ca07a29fb"
  integrity sha1-Ila94U02MpWMRl68ltxGfKB6Kfs=

is-obj@^2.0.0:
  version "2.0.0"
  resolved "https://registry.npm.taobao.org/is-obj/download/is-obj-2.0.0.tgz?cache=0&sync_timestamp=1618600378936&other_urls=https%3A%2F%2Fregistry.npm.taobao.org%2Fis-obj%2Fdownload%2Fis-obj-2.0.0.tgz#473fb05d973705e3fd9620545018ca8e22ef4982"
  integrity sha1-Rz+wXZc3BeP9liBUUBjKjiLvSYI=

is-plain-obj@^1.0.0:
  version "1.1.0"
  resolved "https://registry.npmmirror.com/is-plain-obj/-/is-plain-obj-1.1.0.tgz#71a50c8429dfca773c92a390a4a03b39fcd51d3e"
  integrity sha512-yvkRyxmFKEOQ4pNXCmJG5AEQNlXJS5LaONXo5/cLdTZdWvsZ1ioJEonLGAosKlMWE8lwUy/bJzMjcw8az73+Fg==

js-yaml@^4.1.0:
  version "4.1.0"
  resolved "https://registry.nlark.com/js-yaml/download/js-yaml-4.1.0.tgz?cache=0&sync_timestamp=1618846844115&other_urls=https%3A%2F%2Fregistry.nlark.com%2Fjs-yaml%2Fdownload%2Fjs-yaml-4.1.0.tgz#c1fb65f8f5017901cdd2c951864ba18458a10602"
  integrity sha1-wftl+PUBeQHN0slRhkuhhFihBgI=
  dependencies:
    argparse "^2.0.1"

json-schema-traverse@^1.0.0:
  version "1.0.0"
  resolved "https://registry.npm.taobao.org/json-schema-traverse/download/json-schema-traverse-1.0.0.tgz?cache=0&sync_timestamp=1608000211395&other_urls=https%3A%2F%2Fregistry.npm.taobao.org%2Fjson-schema-traverse%2Fdownload%2Fjson-schema-traverse-1.0.0.tgz#ae7bcb3656ab77a73ba5c49bf654f38e6b6860e2"
  integrity sha1-rnvLNlard6c7pcSb9lTzjmtoYOI=

json-schema-typed@^7.0.3:
  version "7.0.3"
  resolved "https://registry.npm.taobao.org/json-schema-typed/download/json-schema-typed-7.0.3.tgz#23ff481b8b4eebcd2ca123b4fa0409e66469a2d9"
  integrity sha1-I/9IG4tO680soSO0+gQJ5mRpotk=

jsonfile@^6.0.1:
  version "6.1.0"
  resolved "https://registry.npm.taobao.org/jsonfile/download/jsonfile-6.1.0.tgz?cache=0&sync_timestamp=1604161797011&other_urls=https%3A%2F%2Fregistry.npm.taobao.org%2Fjsonfile%2Fdownload%2Fjsonfile-6.1.0.tgz#bc55b2634793c679ec6403094eb13698a6ec0aae"
  integrity sha1-vFWyY0eTxnnsZAMJTrE2mKbsCq4=
  dependencies:
    universalify "^2.0.0"
  optionalDependencies:
    graceful-fs "^4.1.6"

lazy-val@^1.0.5:
  version "1.0.5"
  resolved "https://registry.nlark.com/lazy-val/download/lazy-val-1.0.5.tgz?cache=0&sync_timestamp=1620971308718&other_urls=https%3A%2F%2Fregistry.nlark.com%2Flazy-val%2Fdownload%2Flazy-val-1.0.5.tgz#6cf3b9f5bc31cee7ee3e369c0832b7583dcd923d"
  integrity sha1-bPO59bwxzufuPjacCDK3WD3Nkj0=

locate-path@^3.0.0:
  version "3.0.0"
  resolved "https://registry.nlark.com/locate-path/download/locate-path-3.0.0.tgz?cache=0&sync_timestamp=1629895724478&other_urls=https%3A%2F%2Fregistry.nlark.com%2Flocate-path%2Fdownload%2Flocate-path-3.0.0.tgz#dbec3b3ab759758071b58fe59fc41871af21400e"
  integrity sha1-2+w7OrdZdYBxtY/ln8QYca8hQA4=
  dependencies:
    p-locate "^3.0.0"
    path-exists "^3.0.0"

lodash.escaperegexp@^4.1.2:
  version "4.1.2"
  resolved "https://registry.npm.taobao.org/lodash.escaperegexp/download/lodash.escaperegexp-4.1.2.tgz#64762c48618082518ac3df4ccf5d5886dae20347"
  integrity sha1-ZHYsSGGAglGKw99Mz11YhtriA0c=

lodash.isequal@^4.5.0:
  version "4.5.0"
  resolved "https://registry.npm.taobao.org/lodash.isequal/download/lodash.isequal-4.5.0.tgz#415c4478f2bcc30120c22ce10ed3226f7d3e18e0"
  integrity sha1-QVxEePK8wwEgwizhDtMib30+GOA=

lru-cache@^6.0.0:
  version "6.0.0"
  resolved "https://registry.npm.taobao.org/lru-cache/download/lru-cache-6.0.0.tgz?cache=0&sync_timestamp=1599054167787&other_urls=https%3A%2F%2Fregistry.npm.taobao.org%2Flru-cache%2Fdownload%2Flru-cache-6.0.0.tgz#6d6fe6570ebd96aaf90fcad1dafa3b2566db3a94"
  integrity sha1-bW/mVw69lqr5D8rR2vo7JWbbOpQ=
  dependencies:
    yallist "^4.0.0"

mime-db@^1.28.0:
  version "1.52.0"
  resolved "https://registry.npmmirror.com/mime-db/-/mime-db-1.52.0.tgz#bbabcdc02859f4987301c856e3387ce5ec43bf70"
  integrity sha512-sPU4uV7dYlvtWJxwwxHD0PuihVNiE7TyAbQ5SWxDCB9mUYvOgroQOwYQQOKPJ8CIbE+1ETVlOoK1UC2nU3gYvg==

mimic-fn@^2.1.0:
  version "2.1.0"
  resolved "https://registry.npm.taobao.org/mimic-fn/download/mimic-fn-2.1.0.tgz?cache=0&sync_timestamp=1617823583529&other_urls=https%3A%2F%2Fregistry.npm.taobao.org%2Fmimic-fn%2Fdownload%2Fmimic-fn-2.1.0.tgz#7ed2c2ccccaf84d3ffcb7a69b57711fc2083401b"
  integrity sha1-ftLCzMyvhNP/y3pptXcR/CCDQBs=

mimic-fn@^3.0.0:
  version "3.1.0"
  resolved "https://registry.npm.taobao.org/mimic-fn/download/mimic-fn-3.1.0.tgz?cache=0&sync_timestamp=1617823583529&other_urls=https%3A%2F%2Fregistry.npm.taobao.org%2Fmimic-fn%2Fdownload%2Fmimic-fn-3.1.0.tgz#65755145bbf3e36954b949c16450427451d5ca74"
  integrity sha1-ZXVRRbvz42lUuUnBZFBCdFHVynQ=

modify-filename@^1.1.0:
  version "1.1.0"
  resolved "https://registry.npmmirror.com/modify-filename/-/modify-filename-1.1.0.tgz#9a2dec83806fbb2d975f22beec859ca26b393aa1"
  integrity sha512-EickqnKq3kVVaZisYuCxhtKbZjInCuwgwZWyAmRIp1NTMhri7r3380/uqwrUHfaDiPzLVTuoNy4whX66bxPVog==

ms@2.1.2:
  version "2.1.2"
  resolved "https://registry.npm.taobao.org/ms/download/ms-2.1.2.tgz?cache=0&sync_timestamp=1607433842694&other_urls=https%3A%2F%2Fregistry.npm.taobao.org%2Fms%2Fdownload%2Fms-2.1.2.tgz#d09d1f357b443f493382a8eb3ccd183872ae6009"
  integrity sha1-0J0fNXtEP0kzgqjrPM0YOHKuYAk=

node-watch@^0.7.2:
  version "0.7.2"
  resolved "https://registry.nlark.com/node-watch/download/node-watch-0.7.2.tgz#545f057da8500487eb8287adcb4cb5a7338d7e21"
  integrity sha1-VF8FfahQBIfrgoety0y1pzONfiE=

onetime@^5.1.2:
  version "5.1.2"
  resolved "https://registry.npm.taobao.org/onetime/download/onetime-5.1.2.tgz#d0e96ebb56b07476df1dd9c4806e5237985ca45e"
  integrity sha1-0Oluu1awdHbfHdnEgG5SN5hcpF4=
  dependencies:
    mimic-fn "^2.1.0"

p-limit@^2.0.0:
  version "2.3.0"
  resolved "https://registry.nlark.com/p-limit/download/p-limit-2.3.0.tgz?cache=0&sync_timestamp=1628812766275&other_urls=https%3A%2F%2Fregistry.nlark.com%2Fp-limit%2Fdownload%2Fp-limit-2.3.0.tgz#3dd33c647a214fdfffd835933eb086da0dc21db1"
  integrity sha1-PdM8ZHohT9//2DWTPrCG2g3CHbE=
  dependencies:
    p-try "^2.0.0"

p-locate@^3.0.0:
  version "3.0.0"
  resolved "https://registry.nlark.com/p-locate/download/p-locate-3.0.0.tgz#322d69a05c0264b25997d9f40cd8a891ab0064a4"
  integrity sha1-Mi1poFwCZLJZl9n0DNiokasAZKQ=
  dependencies:
    p-limit "^2.0.0"

p-try@^2.0.0:
  version "2.2.0"
  resolved "https://registry.npm.taobao.org/p-try/download/p-try-2.2.0.tgz#cb2868540e313d61de58fafbe35ce9004d5540e6"
  integrity sha1-yyhoVA4xPWHeWPr741zpAE1VQOY=

path-exists@^3.0.0:
  version "3.0.0"
  resolved "https://registry.nlark.com/path-exists/download/path-exists-3.0.0.tgz#ce0ebeaa5f78cb18925ea7d810d7b59b010fd515"
  integrity sha1-zg6+ql94yxiSXqfYENe1mwEP1RU=

path-exists@^4.0.0:
  version "4.0.0"
  resolved "https://registry.npmmirror.com/path-exists/-/path-exists-4.0.0.tgz#513bdbe2d3b95d7762e8c1137efa195c6c61b5b3"
  integrity sha512-ak9Qy5Q7jYb2Wwcey5Fpvg2KoAc/ZIhLSLOSBmRmygPsGwkVVt0fZa0qrtMz+m6tJTAHfZQ8FnmB4MG4LWy7/w==

pkg-up@^3.1.0:
  version "3.1.0"
  resolved "https://registry.nlark.com/pkg-up/download/pkg-up-3.1.0.tgz#100ec235cc150e4fd42519412596a28512a0def5"
  integrity sha1-EA7CNcwVDk/UJRlBJZaihRKg3vU=
  dependencies:
    find-up "^3.0.0"

punycode@^2.1.0:
  version "2.1.1"
  resolved "https://registry.nlark.com/punycode/download/punycode-2.1.1.tgz#b58b010ac40c22c5657616c8d2c2c02c7bf479ec"
  integrity sha1-tYsBCsQMIsVldhbI0sLALHv0eew=

pupa@^2.0.1:
  version "2.1.1"
  resolved "https://registry.npmmirror.com/pupa/-/pupa-2.1.1.tgz#f5e8fd4afc2c5d97828faa523549ed8744a20d62"
  integrity sha512-l1jNAspIBSFqbT+y+5FosojNpVpF94nlI+wDUpqP9enwOTfHx9f0gh5nB96vl+6yTpsJsypeNrwfzPrKuHB41A==
  dependencies:
    escape-goat "^2.0.0"

require-from-string@^2.0.2:
  version "2.0.2"
  resolved "https://registry.npm.taobao.org/require-from-string/download/require-from-string-2.0.2.tgz#89a7fdd938261267318eafe14f9c32e598c36909"
  integrity sha1-iaf92TgmEmcxjq/hT5wy5ZjDaQk=

sax@^1.2.4:
  version "1.2.4"
  resolved "https://registry.npm.taobao.org/sax/download/sax-1.2.4.tgz#2816234e2378bddc4e5354fab5caa895df7100d9"
  integrity sha1-KBYjTiN4vdxOU1T6tcqold9xANk=

semver@^7.3.5:
  version "7.3.5"
  resolved "https://registry.npm.taobao.org/semver/download/semver-7.3.5.tgz?cache=0&sync_timestamp=1616463603361&other_urls=https%3A%2F%2Fregistry.npm.taobao.org%2Fsemver%2Fdownload%2Fsemver-7.3.5.tgz#0b621c879348d8998e4b0e4be94b3f12e6018ef7"
  integrity sha1-C2Ich5NI2JmOSw5L6Us/EuYBjvc=
  dependencies:
    lru-cache "^6.0.0"

sort-keys-length@^1.0.0:
  version "1.0.1"
  resolved "https://registry.npmmirror.com/sort-keys-length/-/sort-keys-length-1.0.1.tgz#9cb6f4f4e9e48155a6aa0671edd336ff1479a188"
  integrity sha512-GRbEOUqCxemTAk/b32F2xa8wDTs+Z1QHOkbhJDQTvv/6G3ZkbJ+frYWsTcc7cBB3Fu4wy4XlLCuNtJuMn7Gsvw==
  dependencies:
    sort-keys "^1.0.0"

sort-keys@^1.0.0:
  version "1.1.2"
  resolved "https://registry.npmmirror.com/sort-keys/-/sort-keys-1.1.2.tgz#441b6d4d346798f1b4e49e8920adfba0e543f9ad"
  integrity sha512-vzn8aSqKgytVik0iwdBEi+zevbTYZogewTUM6dtpmGwEcdzbub/TX4bCzRhebDCRC3QzXgJsLRKB2V/Oof7HXg==
  dependencies:
    is-plain-obj "^1.0.0"

toml@^3.0.0:
  version "3.0.0"
  resolved "https://registry.npmmirror.com/toml/-/toml-3.0.0.tgz#342160f1af1904ec9d204d03a5d61222d762c5ee"
  integrity sha512-y/mWCZinnvxjTKYhJ+pYxwD0mRLVvOtdS2Awbgxln6iEnt4rk0yBxeSBHkGJcPucRiG0e55mwWp+g/05rsrd6w==

type-fest@^1.0.2:
  version "1.4.0"
  resolved "https://registry.nlark.com/type-fest/download/type-fest-1.4.0.tgz?cache=0&other_urls=https%3A%2F%2Fregistry.nlark.com%2Ftype-fest%2Fdownload%2Ftype-fest-1.4.0.tgz#e9fb813fe3bf1744ec359d55d1affefa76f14be1"
  integrity sha1-6fuBP+O/F0TsNZ1V0a/++nbxS+E=

universalify@^2.0.0:
  version "2.0.0"
  resolved "https://registry.npm.taobao.org/universalify/download/universalify-2.0.0.tgz?cache=0&sync_timestamp=1603179967633&other_urls=https%3A%2F%2Fregistry.npm.taobao.org%2Funiversalify%2Fdownload%2Funiversalify-2.0.0.tgz#75a4984efedc4b08975c5aeb73f530d02df25717"
  integrity sha1-daSYTv7cSwiXXFrrc/Uw0C3yVxc=

unused-filename@^2.1.0:
  version "2.1.0"
  resolved "https://registry.npmmirror.com/unused-filename/-/unused-filename-2.1.0.tgz#33719c4e8d9644f32d2dec1bc8525c6aaeb4ba51"
  integrity sha512-BMiNwJbuWmqCpAM1FqxCTD7lXF97AvfQC8Kr/DIeA6VtvhJaMDupZ82+inbjl5yVP44PcxOuCSxye1QMS0wZyg==
  dependencies:
    modify-filename "^1.1.0"
    path-exists "^4.0.0"

uri-js@^4.2.2:
  version "4.4.1"
  resolved "https://registry.npm.taobao.org/uri-js/download/uri-js-4.4.1.tgz?cache=0&sync_timestamp=1610237641463&other_urls=https%3A%2F%2Fregistry.npm.taobao.org%2Furi-js%2Fdownload%2Furi-js-4.4.1.tgz#9b1a52595225859e55f669d928f88c6c57f2a77e"
  integrity sha1-mxpSWVIlhZ5V9mnZKPiMbFfyp34=
  dependencies:
    punycode "^2.1.0"

yallist@^4.0.0:
  version "4.0.0"
  resolved "https://registry.npm.taobao.org/yallist/download/yallist-4.0.0.tgz#9bb92790d9c0effec63be73519e11a35019a3a72"
  integrity sha1-m7knkNnA7/7GO+c1GeEaNQGaOnI=
